
Microsoft Visual Studio Solution File, Format Version 12.00
# Visual Studio Version 16
VisualStudioVersion = 16.0.31005.135
MinimumVisualStudioVersion = 10.0.40219.1
Project("{FAE04EC0-301F-11D3-BF4B-00C04F79EFBC}") = "2", "2\2.csproj", "{4830D9FD-58BD-4281-8ED1-25D1D02ED5AD}"
EndProject
Global
	GlobalSection(SolutionConfigurationPlatforms) = preSolution
		Debug|Any CPU = Debug|Any CPU
		Release|Any CPU = Release|Any CPU
	EndGlobalSection
	GlobalSection(ProjectConfigurationPlatforms) = postSolution
		{4830D9FD-58BD-4281-8ED1-25D1D02ED5AD}.Debug|Any CPU.ActiveCfg = Debug|Any CPU
		{4830D9FD-58BD-4281-8ED1-25D1D02ED5AD}.Debug|Any CPU.Build.0 = Debug|Any CPU
		{4830D9FD-58BD-4281-8ED1-25D1D02ED5AD}.Release|Any CPU.ActiveCfg = Release|Any CPU
		{4830D9FD-58BD-4281-8ED1-25D1D02ED5AD}.Release|Any CPU.Build.0 = Release|Any CPU
	EndGlobalSection
	GlobalSection(SolutionProperties) = preSolution
		HideSolutionNode = FALSE
	EndGlobalSection
	GlobalSection(ExtensibilityGlobals) = postSolution
		SolutionGuid = {D351CBA6-56F0-44ED-AA1E-7F9EBE52D246}
	EndGlobalSection
EndGlobal
